// !$*UTF8*$!
{
	archiveVersion = 1;
	classes = {
	};
	objectVersion = 77;
	objects = {

/* Begin PBXContainerItemProxy section */
		90D975BC2E29AA4300B1D3CC /* PBXContainerItemProxy */ = {
			isa = PBXContainerItemProxy;
			containerPortal = 90D975A62E29AA4200B1D3CC /* Project object */;
			proxyType = 1;
			remoteGlobalIDString = 90D975AD2E29AA4200B1D3CC;
			remoteInfo = NavaideIOS;
		};
		90D975C62E29AA4300B1D3CC /* PBXContainerItemProxy */ = {
			isa = PBXContainerItemProxy;
			containerPortal = 90D975A62E29AA4200B1D3CC /* Project object */;
			proxyType = 1;
			remoteGlobalIDString = 90D975AD2E29AA4200B1D3CC;
			remoteInfo = NavaideIOS;
		};
/* End PBXContainerItemProxy section */

/* Begin PBXFileReference section */
		90D975AE2E29AA4200B1D3CC /* NavaideIOS.app */ = {isa = PBXFileReference; explicitFileType = wrapper.application; includeInIndex = 0; path = NavaideIOS.app; sourceTree = BUILT_PRODUCTS_DIR; };
		90D975BB2E29AA4300B1D3CC /* NavaideIOSTests.xctest */ = {isa = PBXFileReference; explicitFileType = wrapper.cfbundle; includeInIndex = 0; path = NavaideIOSTests.xctest; sourceTree = BUILT_PRODUCTS_DIR; };
		90D975C52E29AA4300B1D3CC /* NavaideIOSUITests.xctest */ = {isa = PBXFileReference; explicitFileType = wrapper.cfbundle; includeInIndex = 0; path = NavaideIOSUITests.xctest; sourceTree = BUILT_PRODUCTS_DIR; };
/* End PBXFileReference section */

/* Begin PBXFileSystemSynchronizedRootGroup section */
		90D975B02E29AA4200B1D3CC /* NavaideIOS */ = {
			isa = PBXFileSystemSynchronizedRootGroup;
			path = NavaideIOS;
			sourceTree = "<group>";
		};
		90D975BE2E29AA4300B1D3CC /* NavaideIOSTests */ = {
			isa = PBXFileSystemSynchronizedRootGroup;
			path = NavaideIOSTests;
			sourceTree = "<group>";
		};
		90D975C82E29AA4300B1D3CC /* NavaideIOSUITests */ = {
			isa = PBXFileSystemSynchronizedRootGroup;
			path = NavaideIOSUITests;
			sourceTree = "<group>";
		};
/* End PBXFileSystemSynchronizedRootGroup section */

/* Begin PBXFrameworksBuildPhase section */
		90D975AB2E29AA4200B1D3CC /* Frameworks */ = {
			isa = PBXFrameworksBuildPhase;
			buildActionMask = 2147483647;
			files = (
			);
			runOnlyForDeploymentPostprocessing = 0;
		};
		90D975B82E29AA4300B1D3CC /* Frameworks */ = {
			isa = PBXFrameworksBuildPhase;
			buildActionMask = 2147483647;
			files = (
			);
			runOnlyForDeploymentPostprocessing = 0;
		};
		90D975C22E29AA4300B1D3CC /* Frameworks */ = {
			isa = PBXFrameworksBuildPhase;
			buildActionMask = 2147483647;
			files = (
			);
			runOnlyForDeploymentPostprocessing = 0;
		};
/* End PBXFrameworksBuildPhase section */

/* Begin PBXGroup section */
		90D975A52E29AA4200B1D3CC = {
			isa = PBXGroup;
			children = (
				90D975B02E29AA4200B1D3CC /* NavaideIOS */,
				90D975BE2E29AA4300B1D3CC /* NavaideIOSTests */,
				90D975C82E29AA4300B1D3CC /* NavaideIOSUITests */,
				90D975AF2E29AA4200B1D3CC /* Products */,
			);
			sourceTree = "<group>";
		};
		90D975AF2E29AA4200B1D3CC /* Products */ = {
			isa = PBXGroup;
			children = (
				90D975AE2E29AA4200B1D3CC /* NavaideIOS.app */,
				90D975BB2E29AA4300B1D3CC /* NavaideIOSTests.xctest */,
				90D975C52E29AA4300B1D3CC /* NavaideIOSUITests.xctest */,
			);
			name = Products;
			sourceTree = "<group>";
		};
/* End PBXGroup section */

/* Begin PBXNativeTarget section */
		90D975AD2E29AA4200B1D3CC /* NavaideIOS */ = {
			isa = PBXNativeTarget;
			buildConfigurationList = 90D975CF2E29AA4300B1D3CC /* Build configuration list for PBXNativeTarget "NavaideIOS" */;
			buildPhases = (
				90D975AA2E29AA4200B1D3CC /* Sources */,
				90D975AB2E29AA4200B1D3CC /* Frameworks */,
				90D975AC2E29AA4200B1D3CC /* Resources */,
			);
			buildRules = (
			);
			dependencies = (
			);
			fileSystemSynchronizedGroups = (
				90D975B02E29AA4200B1D3CC /* NavaideIOS */,
			);
			name = NavaideIOS;
			packageProductDependencies = (
			);
			productName = NavaideIOS;
			productReference = 90D975AE2E29AA4200B1D3CC /* NavaideIOS.app */;
			productType = "com.apple.product-type.application";
		};
		90D975BA2E29AA4300B1D3CC /* NavaideIOSTests */ = {
			isa = PBXNativeTarget;
			buildConfigurationList = 90D975D22E29AA4300B1D3CC /* Build configuration list for PBXNativeTarget "NavaideIOSTests" */;
			buildPhases = (
				90D975B72E29AA4300B1D3CC /* Sources */,
				90D975B82E29AA4300B1D3CC /* Frameworks */,
				90D975B92E29AA4300B1D3CC /* Resources */,
			);
			buildRules = (
			);
			dependencies = (
				90D975BD2E29AA4300B1D3CC /* PBXTargetDependency */,
			);
			fileSystemSynchronizedGroups = (
				90D975BE2E29AA4300B1D3CC /* NavaideIOSTests */,
			);
			name = NavaideIOSTests;
			packageProductDependencies = (
			);
			productName = NavaideIOSTests;
			productReference = 90D975BB2E29AA4300B1D3CC /* NavaideIOSTests.xctest */;
			productType = "com.apple.product-type.bundle.unit-test";
		};
		90D975C42E29AA4300B1D3CC /* NavaideIOSUITests */ = {
			isa = PBXNativeTarget;
			buildConfigurationList = 90D975D52E29AA4300B1D3CC /* Build configuration list for PBXNativeTarget "NavaideIOSUITests" */;
			buildPhases = (
				90D975C12E29AA4300B1D3CC /* Sources */,
				90D975C22E29AA4300B1D3CC /* Frameworks */,
				90D975C32E29AA4300B1D3CC /* Resources */,
			);
			buildRules = (
			);
			dependencies = (
				90D975C72E29AA4300B1D3CC /* PBXTargetDependency */,
			);
			fileSystemSynchronizedGroups = (
				90D975C82E29AA4300B1D3CC /* NavaideIOSUITests */,
			);
			name = NavaideIOSUITests;
			packageProductDependencies = (
			);
			productName = NavaideIOSUITests;
			productReference = 90D975C52E29AA4300B1D3CC /* NavaideIOSUITests.xctest */;
			productType = "com.apple.product-type.bundle.ui-testing";
		};
/* End PBXNativeTarget section */

/* Begin PBXProject section */
		90D975A62E29AA4200B1D3CC /* Project object */ = {
			isa = PBXProject;
			attributes = {
				BuildIndependentTargetsInParallel = 1;
				LastSwiftUpdateCheck = 1640;
				LastUpgradeCheck = 1640;
				TargetAttributes = {
					90D975AD2E29AA4200B1D3CC = {
						CreatedOnToolsVersion = 16.4;
					};
					90D975BA2E29AA4300B1D3CC = {
						CreatedOnToolsVersion = 16.4;
						TestTargetID = 90D975AD2E29AA4200B1D3CC;
					};
					90D975C42E29AA4300B1D3CC = {
						CreatedOnToolsVersion = 16.4;
						TestTargetID = 90D975AD2E29AA4200B1D3CC;
					};
				};
			};
			buildConfigurationList = 90D975A92E29AA4200B1D3CC /* Build configuration list for PBXProject "NavaideIOS" */;
			developmentRegion = en;
			hasScannedForEncodings = 0;
			knownRegions = (
				en,
				Base,
			);
			mainGroup = 90D975A52E29AA4200B1D3CC;
			minimizedProjectReferenceProxies = 1;
			preferredProjectObjectVersion = 77;
			productRefGroup = 90D975AF2E29AA4200B1D3CC /* Products */;
			projectDirPath = "";
			projectRoot = "";
			targets = (
				90D975AD2E29AA4200B1D3CC /* NavaideIOS */,
				90D975BA2E29AA4300B1D3CC /* NavaideIOSTests */,
				90D975C42E29AA4300B1D3CC /* NavaideIOSUITests */,
			);
		};
/* End PBXProject section */

/* Begin PBXResourcesBuildPhase section */
		90D975AC2E29AA4200B1D3CC /* Resources */ = {
			isa = PBXResourcesBuildPhase;
			buildActionMask = 2147483647;
			files = (
			);
			runOnlyForDeploymentPostprocessing = 0;
		};
		90D975B92E29AA4300B1D3CC /* Resources */ = {
			isa = PBXResourcesBuildPhase;
			buildActionMask = 2147483647;
			files = (
			);
			runOnlyForDeploymentPostprocessing = 0;
		};
		90D975C32E29AA4300B1D3CC /* Resources */ = {
			isa = PBXResourcesBuildPhase;
			buildActionMask = 2147483647;
			files = (
			);
			runOnlyForDeploymentPostprocessing = 0;
		};
/* End PBXResourcesBuildPhase section */

/* Begin PBXSourcesBuildPhase section */
		90D975AA2E29AA4200B1D3CC /* Sources */ = {
			isa = PBXSourcesBuildPhase;
			buildActionMask = 2147483647;
			files = (
			);
			runOnlyForDeploymentPostprocessing = 0;
		};
		90D975B72E29AA4300B1D3CC /* Sources */ = {
			isa = PBXSourcesBuildPhase;
			buildActionMask = 2147483647;
			files = (
			);
			runOnlyForDeploymentPostprocessing = 0;
		};
		90D975C12E29AA4300B1D3CC /* Sources */ = {
			isa = PBXSourcesBuildPhase;
			buildActionMask = 2147483647;
			files = (
			);
			runOnlyForDeploymentPostprocessing = 0;
		};
/* End PBXSourcesBuildPhase section */

/* Begin PBXTargetDependency section */
		90D975BD2E29AA4300B1D3CC /* PBXTargetDependency */ = {
			isa = PBXTargetDependency;
			target = 90D975AD2E29AA4200B1D3CC /* NavaideIOS */;
			targetProxy = 90D975BC2E29AA4300B1D3CC /* PBXContainerItemProxy */;
		};
		90D975C72E29AA4300B1D3CC /* PBXTargetDependency */ = {
			isa = PBXTargetDependency;
			target = 90D975AD2E29AA4200B1D3CC /* NavaideIOS */;
			targetProxy = 90D975C62E29AA4300B1D3CC /* PBXContainerItemProxy */;
		};
/* End PBXTargetDependency section */

/* Begin XCBuildConfiguration section */
		90D975CD2E29AA4300B1D3CC /* Debug */ = {
			isa = XCBuildConfiguration;
			buildSettings = {
				ALWAYS_SEARCH_USER_PATHS = NO;
				ASSETCATALOG_COMPILER_GENERATE_SWIFT_ASSET_SYMBOL_EXTENSIONS = YES;
				CLANG_ANALYZER_NONNULL = YES;
				CLANG_ANALYZER_NUMBER_OBJECT_CONVERSION = YES_AGGRESSIVE;
				CLANG_CXX_LANGUAGE_STANDARD = "gnu++20";
				CLANG_ENABLE_MODULES = YES;
				CLANG_ENABLE_OBJC_ARC = YES;
				CLANG_ENABLE_OBJC_WEAK = YES;
				CLANG_WARN_BLOCK_CAPTURE_AUTORELEASING = YES;
				CLANG_WARN_BOOL_CONVERSION = YES;
				CLANG_WARN_COMMA = YES;
				CLANG_WARN_CONSTANT_CONVERSION = YES;
				CLANG_WARN_DEPRECATED_OBJC_IMPLEMENTATIONS = YES;
				CLANG_WARN_DIRECT_OBJC_ISA_USAGE = YES_ERROR;
				CLANG_WARN_DOCUMENTATION_COMMENTS = YES;
				CLANG_WARN_EMPTY_BODY = YES;
				CLANG_WARN_ENUM_CONVERSION = YES;
				CLANG_WARN_INFINITE_RECURSION = YES;
				CLANG_WARN_INT_CONVERSION = YES;
				CLANG_WARN_NON_LITERAL_NULL_CONVERSION = YES;
				CLANG_WARN_OBJC_IMPLICIT_RETAIN_SELF = YES;
				CLANG_WARN_OBJC_LITERAL_CONVERSION = YES;
				CLANG_WARN_OBJC_ROOT_CLASS = YES_ERROR;
				CLANG_WARN_QUOTED_INCLUDE_IN_FRAMEWORK_HEADER = YES;
				CLANG_WARN_RANGE_LOOP_ANALYSIS = YES;
				CLANG_WARN_STRICT_PROTOTYPES = YES;
				CLANG_WARN_SUSPICIOUS_MOVE = YES;
				CLANG_WARN_UNGUARDED_AVAILABILITY = YES_AGGRESSIVE;
				CLANG_WARN_UNREACHABLE_CODE = YES;
				CLANG_WARN__DUPLICATE_METHOD_MATCH = YES;
				COPY_PHASE_STRIP = NO;
				DEBUG_INFORMATION_FORMAT = dwarf;
				DEVELOPMENT_TEAM = 4MAEKVPSTZ;
				ENABLE_STRICT_OBJC_MSGSEND = YES;
				ENABLE_TESTABILITY = YES;
				ENABLE_USER_SCRIPT_SANDBOXING = YES;
				GCC_C_LANGUAGE_STANDARD = gnu17;
				GCC_DYNAMIC_NO_PIC = NO;
				GCC_NO_COMMON_BLOCKS = YES;
				GCC_OPTIMIZATION_LEVEL = 0;
				GCC_PREPROCESSOR_DEFINITIONS = (
					"DEBUG=1",
					"$(inherited)",
				);
				GCC_WARN_64_TO_32_BIT_CONVERSION = YES;
				GCC_WARN_ABOUT_RETURN_TYPE = YES_ERROR;
				GCC_WARN_UNDECLARED_SELECTOR = YES;
				GCC_WARN_UNINITIALIZED_AUTOS = YES_AGGRESSIVE;
				GCC_WARN_UNUSED_FUNCTION = YES;
				GCC_WARN_UNUSED_VARIABLE = YES;
				IPHONEOS_DEPLOYMENT_TARGET = 18.5;
				LOCALIZATION_PREFERS_STRING_CATALOGS = YES;
				MTL_ENABLE_DEBUG_INFO = INCLUDE_SOURCE;
				MTL_FAST_MATH = YES;
				ONLY_ACTIVE_ARCH = YES;
				SDKROOT = iphoneos;
				SWIFT_ACTIVE_COMPILATION_CONDITIONS = "DEBUG $(inherited)";
				SWIFT_OPTIMIZATION_LEVEL = "-Onone";
			};
			name = Debug;
		};
		90D975CE2E29AA4300B1D3CC /* Release */ = {
			isa = XCBuildConfiguration;
			buildSettings = {
				ALWAYS_SEARCH_USER_PATHS = NO;
				ASSETCATALOG_COMPILER_GENERATE_SWIFT_ASSET_SYMBOL_EXTENSIONS = YES;
				CLANG_ANALYZER_NONNULL = YES;
				CLANG_ANALYZER_NUMBER_OBJECT_CONVERSION = YES_AGGRESSIVE;
				CLANG_CXX_LANGUAGE_STANDARD = "gnu++20";
				CLANG_ENABLE_MODULES = YES;
				CLANG_ENABLE_OBJC_ARC = YES;
				CLANG_ENABLE_OBJC_WEAK = YES;
				CLANG_WARN_BLOCK_CAPTURE_AUTORELEASING = YES;
				CLANG_WARN_BOOL_CONVERSION = YES;
				CLANG_WARN_COMMA = YES;
				CLANG_WARN_CONSTANT_CONVERSION = YES;
				CLANG_WARN_DEPRECATED_OBJC_IMPLEMENTATIONS = YES;
				CLANG_WARN_DIRECT_OBJC_ISA_USAGE = YES_ERROR;
				CLANG_WARN_DOCUMENTATION_COMMENTS = YES;
				CLANG_WARN_EMPTY_BODY = YES;
				CLANG_WARN_ENUM_CONVERSION = YES;
				CLANG_WARN_INFINITE_RECURSION = YES;
				CLANG_WARN_INT_CONVERSION = YES;
				CLANG_WARN_NON_LITERAL_NULL_CONVERSION = YES;
				CLANG_WARN_OBJC_IMPLICIT_RETAIN_SELF = YES;
				CLANG_WARN_OBJC_LITERAL_CONVERSION = YES;
				CLANG_WARN_OBJC_ROOT_CLASS = YES_ERROR;
				CLANG_WARN_QUOTED_INCLUDE_IN_FRAMEWORK_HEADER = YES;
				CLANG_WARN_RANGE_LOOP_ANALYSIS = YES;
				CLANG_WARN_STRICT_PROTOTYPES = YES;
				CLANG_WARN_SUSPICIOUS_MOVE = YES;
				CLANG_WARN_UNGUARDED_AVAILABILITY = YES_AGGRESSIVE;
				CLANG_WARN_UNREACHABLE_CODE = YES;
				CLANG_WARN__DUPLICATE_METHOD_MATCH = YES;
				COPY_PHASE_STRIP = NO;
				DEBUG_INFORMATION_FORMAT = "dwarf-with-dsym";
				DEVELOPMENT_TEAM = 4MAEKVPSTZ;
				ENABLE_NS_ASSERTIONS = NO;
				ENABLE_STRICT_OBJC_MSGSEND = YES;
				ENABLE_USER_SCRIPT_SANDBOXING = YES;
				GCC_C_LANGUAGE_STANDARD = gnu17;
				GCC_NO_COMMON_BLOCKS = YES;
				GCC_WARN_64_TO_32_BIT_CONVERSION = YES;
				GCC_WARN_ABOUT_RETURN_TYPE = YES_ERROR;
				GCC_WARN_UNDECLARED_SELECTOR = YES;
				GCC_WARN_UNINITIALIZED_AUTOS = YES_AGGRESSIVE;
				GCC_WARN_UNUSED_FUNCTION = YES;
				GCC_WARN_UNUSED_VARIABLE = YES;
				IPHONEOS_DEPLOYMENT_TARGET = 18.5;
				LOCALIZATION_PREFERS_STRING_CATALOGS = YES;
				MTL_ENABLE_DEBUG_INFO = NO;
				MTL_FAST_MATH = YES;
				SDKROOT = iphoneos;
				SWIFT_COMPILATION_MODE = wholemodule;
				VALIDATE_PRODUCT = YES;
			};
			name = Release;
		};
		90D975D02E29AA4300B1D3CC /* Debug */ = {
			isa = XCBuildConfiguration;
			buildSettings = {
				ASSETCATALOG_COMPILER_APPICON_NAME = AppIcon;
				ASSETCATALOG_COMPILER_GLOBAL_ACCENT_COLOR_NAME = AccentColor;
				CODE_SIGN_STYLE = Automatic;
				CURRENT_PROJECT_VERSION = 1;
				DEVELOPMENT_TEAM = 4MAEKVPSTZ;
				ENABLE_PREVIEWS = YES;
				GENERATE_INFOPLIST_FILE = YES;
				INFOPLIST_KEY_NSLocationWhenInUseUsageDescription = "Need access to location services so app can determine where you are.";
				INFOPLIST_KEY_UIApplicationSceneManifest_Generation = YES;
				INFOPLIST_KEY_UIApplicationSupportsIndirectInputEvents = YES;
				INFOPLIST_KEY_UILaunchScreen_Generation = YES;
				INFOPLIST_KEY_UISupportedInterfaceOrientations_iPad = "UIInterfaceOrientationPortrait UIInterfaceOrientationPortraitUpsideDown UIInterfaceOrientationLandscapeLeft UIInterfaceOrientationLandscapeRight";
				INFOPLIST_KEY_UISupportedInterfaceOrientations_iPhone = UIInterfaceOrientationPortrait;
				LD_RUNPATH_SEARCH_PATHS = (
					"$(inherited)",
					"@executable_path/Frameworks",
				);
				MARKETING_VERSION = 1.0;
				PRODUCT_BUNDLE_IDENTIFIER = com.customsoftware.NavaideIOS;
				PRODUCT_NAME = "$(TARGET_NAME)";
				SWIFT_EMIT_LOC_STRINGS = YES;
				SWIFT_VERSION = 5.0;
				TARGETED_DEVICE_FAMILY = "1,2";
			};
			name = Debug;
		};
		90D975D12E29AA4300B1D3CC /* Release */ = {
			isa = XCBuildConfiguration;
			buildSettings = {
				ASSETCATALOG_COMPILER_APPICON_NAME = AppIcon;
				ASSETCATALOG_COMPILER_GLOBAL_ACCENT_COLOR_NAME = AccentColor;
				CODE_SIGN_STYLE = Automatic;
				CURRENT_PROJECT_VERSION = 1;
				DEVELOPMENT_TEAM = 4MAEKVPSTZ;
				ENABLE_PREVIEWS = YES;
				GENERATE_INFOPLIST_FILE = YES;
				INFOPLIST_KEY_NSLocationWhenInUseUsageDescription = "Need access to location services so app can determine where you are.";
				INFOPLIST_KEY_UIApplicationSceneManifest_Generation = YES;
				INFOPLIST_KEY_UIApplicationSupportsIndirectInputEvents = YES;
				INFOPLIST_KEY_UILaunchScreen_Generation = YES;
				INFOPLIST_KEY_UISupportedInterfaceOrientations_iPad = "UIInterfaceOrientationPortrait UIInterfaceOrientationPortraitUpsideDown UIInterfaceOrientationLandscapeLeft UIInterfaceOrientationLandscapeRight";
				INFOPLIST_KEY_UISupportedInterfaceOrientations_iPhone = UIInterfaceOrientationPortrait;
				LD_RUNPATH_SEARCH_PATHS = (
					"$(inherited)",
					"@executable_path/Frameworks",
				);
				MARKETING_VERSION = 1.0;
				PRODUCT_BUNDLE_IDENTIFIER = com.customsoftware.NavaideIOS;
				PRODUCT_NAME = "$(TARGET_NAME)";
				SWIFT_EMIT_LOC_STRINGS = YES;
				SWIFT_VERSION = 5.0;
				TARGETED_DEVICE_FAMILY = "1,2";
			};
			name = Release;
		};
		90D975D32E29AA4300B1D3CC /* Debug */ = {
			isa = XCBuildConfiguration;
			buildSettings = {
				BUNDLE_LOADER = "$(TEST_HOST)";
				CODE_SIGN_STYLE = Automatic;
				CURRENT_PROJECT_VERSION = 1;
				DEVELOPMENT_TEAM = 4MAEKVPSTZ;
				GENERATE_INFOPLIST_FILE = YES;
				IPHONEOS_DEPLOYMENT_TARGET = 18.5;
				MARKETING_VERSION = 1.0;
				PRODUCT_BUNDLE_IDENTIFIER = com.customsoftware.NavaideIOSTests;
				PRODUCT_NAME = "$(TARGET_NAME)";
				SWIFT_EMIT_LOC_STRINGS = NO;
				SWIFT_VERSION = 5.0;
				TARGETED_DEVICE_FAMILY = "1,2";
				TEST_HOST = "$(BUILT_PRODUCTS_DIR)/NavaideIOS.app/$(BUNDLE_EXECUTABLE_FOLDER_PATH)/NavaideIOS";
			};
			name = Debug;
		};
		90D975D42E29AA4300B1D3CC /* Release */ = {
			isa = XCBuildConfiguration;
			buildSettings = {
				BUNDLE_LOADER = "$(TEST_HOST)";
				CODE_SIGN_STYLE = Automatic;
				CURRENT_PROJECT_VERSION = 1;
				DEVELOPMENT_TEAM = 4MAEKVPSTZ;
				GENERATE_INFOPLIST_FILE = YES;
				IPHONEOS_DEPLOYMENT_TARGET = 18.5;
				MARKETING_VERSION = 1.0;
				PRODUCT_BUNDLE_IDENTIFIER = com.customsoftware.NavaideIOSTests;
				PRODUCT_NAME = "$(TARGET_NAME)";
				SWIFT_EMIT_LOC_STRINGS = NO;
				SWIFT_VERSION = 5.0;
				TARGETED_DEVICE_FAMILY = "1,2";
				TEST_HOST = "$(BUILT_PRODUCTS_DIR)/NavaideIOS.app/$(BUNDLE_EXECUTABLE_FOLDER_PATH)/NavaideIOS";
			};
			name = Release;
		};
		90D975D62E29AA4300B1D3CC /* Debug */ = {
			isa = XCBuildConfiguration;
			buildSettings = {
				CODE_SIGN_STYLE = Automatic;
				CURRENT_PROJECT_VERSION = 1;
				DEVELOPMENT_TEAM = 4MAEKVPSTZ;
				GENERATE_INFOPLIST_FILE = YES;
				MARKETING_VERSION = 1.0;
				PRODUCT_BUNDLE_IDENTIFIER = com.customsoftware.NavaideIOSUITests;
				PRODUCT_NAME = "$(TARGET_NAME)";
				SWIFT_EMIT_LOC_STRINGS = NO;
				SWIFT_VERSION = 5.0;
				TARGETED_DEVICE_FAMILY = "1,2";
				TEST_TARGET_NAME = NavaideIOS;
			};
			name = Debug;
		};
		90D975D72E29AA4300B1D3CC /* Release */ = {
			isa = XCBuildConfiguration;
			buildSettings = {
				CODE_SIGN_STYLE = Automatic;
				CURRENT_PROJECT_VERSION = 1;
				DEVELOPMENT_TEAM = 4MAEKVPSTZ;
				GENERATE_INFOPLIST_FILE = YES;
				MARKETING_VERSION = 1.0;
				PRODUCT_BUNDLE_IDENTIFIER = com.customsoftware.NavaideIOSUITests;
				PRODUCT_NAME = "$(TARGET_NAME)";
				SWIFT_EMIT_LOC_STRINGS = NO;
				SWIFT_VERSION = 5.0;
				TARGETED_DEVICE_FAMILY = "1,2";
				TEST_TARGET_NAME = NavaideIOS;
			};
			name = Release;
		};
/* End XCBuildConfiguration section */

/* Begin XCConfigurationList section */
		90D975A92E29AA4200B1D3CC /* Build configuration list for PBXProject "NavaideIOS" */ = {
			isa = XCConfigurationList;
			buildConfigurations = (
				90D975CD2E29AA4300B1D3CC /* Debug */,
				90D975CE2E29AA4300B1D3CC /* Release */,
			);
			defaultConfigurationIsVisible = 0;
			defaultConfigurationName = Release;
		};
		90D975CF2E29AA4300B1D3CC /* Build configuration list for PBXNativeTarget "NavaideIOS" */ = {
			isa = XCConfigurationList;
			buildConfigurations = (
				90D975D02E29AA4300B1D3CC /* Debug */,
				90D975D12E29AA4300B1D3CC /* Release */,
			);
			defaultConfigurationIsVisible = 0;
			defaultConfigurationName = Release;
		};
		90D975D22E29AA4300B1D3CC /* Build configuration list for PBXNativeTarget "NavaideIOSTests" */ = {
			isa = XCConfigurationList;
			buildConfigurations = (
				90D975D32E29AA4300B1D3CC /* Debug */,
				90D975D42E29AA4300B1D3CC /* Release */,
			);
			defaultConfigurationIsVisible = 0;
			defaultConfigurationName = Release;
		};
		90D975D52E29AA4300B1D3CC /* Build configuration list for PBXNativeTarget "NavaideIOSUITests" */ = {
			isa = XCConfigurationList;
			buildConfigurations = (
				90D975D62E29AA4300B1D3CC /* Debug */,
				90D975D72E29AA4300B1D3CC /* Release */,
			);
			defaultConfigurationIsVisible = 0;
			defaultConfigurationName = Release;
		};
/* End XCConfigurationList section */
	};
	rootObject = 90D975A62E29AA4200B1D3CC /* Project object */;
}
